
Microsoft Visual Studio Solution File, Format Version 12.00
# Visual Studio 15
VisualStudioVersion = 15.0.28307.168
MinimumVisualStudioVersion = 10.0.40219.1
Project("{888888A0-9F3D-457C-B088-3A5042F75D52}") = "PokerFace", "PokerFace\PokerFace.pyproj", "{BF91C2A6-5B59-4F3B-8668-62E8470CCFD5}"
EndProject
Global
	GlobalSection(SolutionConfigurationPlatforms) = preSolution
		Debug|Any CPU = Debug|Any CPU
		Release|Any CPU = Release|Any CPU
	EndGlobalSection
	GlobalSection(ProjectConfigurationPlatforms) = postSolution
		{BF91C2A6-5B59-4F3B-8668-62E8470CCFD5}.Debug|Any CPU.ActiveCfg = Debug|Any CPU
		{BF91C2A6-5B59-4F3B-8668-62E8470CCFD5}.Debug|Any CPU.Build.0 = Debug|Any CPU
		{BF91C2A6-5B59-4F3B-8668-62E8470CCFD5}.Release|Any CPU.ActiveCfg = Release|Any CPU
		{BF91C2A6-5B59-4F3B-8668-62E8470CCFD5}.Release|Any CPU.Build.0 = Release|Any CPU
	EndGlobalSection
	GlobalSection(SolutionProperties) = preSolution
		HideSolutionNode = FALSE
	EndGlobalSection
	GlobalSection(ExtensibilityGlobals) = postSolution
		SolutionGuid = {4E4AB59F-4CD2-4940-8896-33CBFF4538A0}
	EndGlobalSection
EndGlobal
